// !$*UTF8*$!
{
	archiveVersion = 1;
	classes = {
	};
	objectVersion = 56;
	objects = {

/* Begin PBXBuildFile section */
		FF0DC86D2B72DFA800BD4A1A /* NotificationManager.swift in Sources */ = {isa = PBXBuildFile; fileRef = FF0DC86C2B72DFA800BD4A1A /* NotificationManager.swift */; };
		FF1F901E2B6E6EC200B86EEA /* Localizable.strings in Resources */ = {isa = PBXBuildFile; fileRef = FF1F90202B6E6EC200B86EEA /* Localizable.strings */; };
		FF5775912B6CCE57002CCA8B /* AppDelegate.swift in Sources */ = {isa = PBXBuildFile; fileRef = FF5775902B6CCE57002CCA8B /* AppDelegate.swift */; };
		FF5775932B6CCE57002CCA8B /* SceneDelegate.swift in Sources */ = {isa = PBXBuildFile; fileRef = FF5775922B6CCE57002CCA8B /* SceneDelegate.swift */; };
		FF57759A2B6CCE59002CCA8B /* Assets.xcassets in Resources */ = {isa = PBXBuildFile; fileRef = FF5775992B6CCE59002CCA8B /* Assets.xcassets */; };
		FF57759D2B6CCE59002CCA8B /* LaunchScreen.storyboard in Resources */ = {isa = PBXBuildFile; fileRef = FF57759B2B6CCE59002CCA8B /* LaunchScreen.storyboard */; };
		FF5775A62B6CD29E002CCA8B /* BrithdaysListView.swift in Sources */ = {isa = PBXBuildFile; fileRef = FF5775A52B6CD29E002CCA8B /* BrithdaysListView.swift */; };
		FF5775A82B6CD2BC002CCA8B /* BrithdaysListPresenter.swift in Sources */ = {isa = PBXBuildFile; fileRef = FF5775A72B6CD2BC002CCA8B /* BrithdaysListPresenter.swift */; };
		FF5775AD2B6CD2FD002CCA8B /* NewInfoView.swift in Sources */ = {isa = PBXBuildFile; fileRef = FF5775AC2B6CD2FD002CCA8B /* NewInfoView.swift */; };
		FF5775AF2B6CD30F002CCA8B /* NewInfoPresenter.swift in Sources */ = {isa = PBXBuildFile; fileRef = FF5775AE2B6CD30F002CCA8B /* NewInfoPresenter.swift */; };
		FF5775B32B6CD3A6002CCA8B /* BrithdaysListProtocol.swift in Sources */ = {isa = PBXBuildFile; fileRef = FF5775B22B6CD3A5002CCA8B /* BrithdaysListProtocol.swift */; };
		FF5775B52B6CD3B5002CCA8B /* NewInfoProtocol.swift in Sources */ = {isa = PBXBuildFile; fileRef = FF5775B42B6CD3B5002CCA8B /* NewInfoProtocol.swift */; };
		FF5775B82B6CE78B002CCA8B /* BirthdaysList.xcdatamodeld in Sources */ = {isa = PBXBuildFile; fileRef = FF5775B62B6CE78B002CCA8B /* BirthdaysList.xcdatamodeld */; };
		FF5775BB2B6CE93B002CCA8B /* CoreDataManager.swift in Sources */ = {isa = PBXBuildFile; fileRef = FF5775BA2B6CE93B002CCA8B /* CoreDataManager.swift */; };
		FF5775BD2B6D1727002CCA8B /* CastomTableViewCell.swift in Sources */ = {isa = PBXBuildFile; fileRef = FF5775BC2B6D1727002CCA8B /* CastomTableViewCell.swift */; };
		FF5775C02B6D186C002CCA8B /* Extension + UIView.swift in Sources */ = {isa = PBXBuildFile; fileRef = FF5775BF2B6D186C002CCA8B /* Extension + UIView.swift */; };
/* End PBXBuildFile section */

/* Begin PBXFileReference section */
		FF0DC86C2B72DFA800BD4A1A /* NotificationManager.swift */ = {isa = PBXFileReference; lastKnownFileType = sourcecode.swift; path = NotificationManager.swift; sourceTree = "<group>"; };
		FF1F901D2B6E6EB600B86EEA /* ru */ = {isa = PBXFileReference; lastKnownFileType = text.plist.strings; name = ru; path = ru.lproj/LaunchScreen.strings; sourceTree = "<group>"; };
		FF1F901F2B6E6EC200B86EEA /* ru */ = {isa = PBXFileReference; lastKnownFileType = text.plist.strings; name = ru; path = ru.lproj/Localizable.strings; sourceTree = "<group>"; };
		FF1F90212B6E6EC400B86EEA /* en */ = {isa = PBXFileReference; lastKnownFileType = text.plist.strings; name = en; path = en.lproj/Localizable.strings; sourceTree = "<group>"; };
		FF57758D2B6CCE57002CCA8B /* BirthdaysList.app */ = {isa = PBXFileReference; explicitFileType = wrapper.application; includeInIndex = 0; path = BirthdaysList.app; sourceTree = BUILT_PRODUCTS_DIR; };
		FF5775902B6CCE57002CCA8B /* AppDelegate.swift */ = {isa = PBXFileReference; lastKnownFileType = sourcecode.swift; path = AppDelegate.swift; sourceTree = "<group>"; };
		FF5775922B6CCE57002CCA8B /* SceneDelegate.swift */ = {isa = PBXFileReference; lastKnownFileType = sourcecode.swift; path = SceneDelegate.swift; sourceTree = "<group>"; };
		FF5775992B6CCE59002CCA8B /* Assets.xcassets */ = {isa = PBXFileReference; lastKnownFileType = folder.assetcatalog; path = Assets.xcassets; sourceTree = "<group>"; };
		FF57759C2B6CCE59002CCA8B /* Base */ = {isa = PBXFileReference; lastKnownFileType = file.storyboard; name = Base; path = Base.lproj/LaunchScreen.storyboard; sourceTree = "<group>"; };
		FF57759E2B6CCE59002CCA8B /* Info.plist */ = {isa = PBXFileReference; lastKnownFileType = text.plist.xml; path = Info.plist; sourceTree = "<group>"; };
		FF5775A52B6CD29E002CCA8B /* BrithdaysListView.swift */ = {isa = PBXFileReference; lastKnownFileType = sourcecode.swift; path = BrithdaysListView.swift; sourceTree = "<group>"; };
		FF5775A72B6CD2BC002CCA8B /* BrithdaysListPresenter.swift */ = {isa = PBXFileReference; lastKnownFileType = sourcecode.swift; path = BrithdaysListPresenter.swift; sourceTree = "<group>"; };
		FF5775AC2B6CD2FD002CCA8B /* NewInfoView.swift */ = {isa = PBXFileReference; lastKnownFileType = sourcecode.swift; path = NewInfoView.swift; sourceTree = "<group>"; };
		FF5775AE2B6CD30F002CCA8B /* NewInfoPresenter.swift */ = {isa = PBXFileReference; lastKnownFileType = sourcecode.swift; path = NewInfoPresenter.swift; sourceTree = "<group>"; };
		FF5775B22B6CD3A5002CCA8B /* BrithdaysListProtocol.swift */ = {isa = PBXFileReference; lastKnownFileType = sourcecode.swift; path = BrithdaysListProtocol.swift; sourceTree = "<group>"; };
		FF5775B42B6CD3B5002CCA8B /* NewInfoProtocol.swift */ = {isa = PBXFileReference; lastKnownFileType = sourcecode.swift; path = NewInfoProtocol.swift; sourceTree = "<group>"; };
		FF5775B72B6CE78B002CCA8B /* BirthdaysList.xcdatamodel */ = {isa = PBXFileReference; lastKnownFileType = wrapper.xcdatamodel; path = BirthdaysList.xcdatamodel; sourceTree = "<group>"; };
		FF5775BA2B6CE93B002CCA8B /* CoreDataManager.swift */ = {isa = PBXFileReference; lastKnownFileType = sourcecode.swift; path = CoreDataManager.swift; sourceTree = "<group>"; };
		FF5775BC2B6D1727002CCA8B /* CastomTableViewCell.swift */ = {isa = PBXFileReference; lastKnownFileType = sourcecode.swift; path = CastomTableViewCell.swift; sourceTree = "<group>"; };
		FF5775BF2B6D186C002CCA8B /* Extension + UIView.swift */ = {isa = PBXFileReference; lastKnownFileType = sourcecode.swift; path = "Extension + UIView.swift"; sourceTree = "<group>"; };
/* End PBXFileReference section */

/* Begin PBXFrameworksBuildPhase section */
		FF57758A2B6CCE57002CCA8B /* Frameworks */ = {
			isa = PBXFrameworksBuildPhase;
			buildActionMask = 2147483647;
			files = (
			);
			runOnlyForDeploymentPostprocessing = 0;
		};
/* End PBXFrameworksBuildPhase section */

/* Begin PBXGroup section */
		FF5775842B6CCE57002CCA8B = {
			isa = PBXGroup;
			children = (
				FF57758F2B6CCE57002CCA8B /* BirthdaysList */,
				FF57758E2B6CCE57002CCA8B /* Products */,
			);
			sourceTree = "<group>";
		};
		FF57758E2B6CCE57002CCA8B /* Products */ = {
			isa = PBXGroup;
			children = (
				FF57758D2B6CCE57002CCA8B /* BirthdaysList.app */,
			);
			name = Products;
			sourceTree = "<group>";
		};
		FF57758F2B6CCE57002CCA8B /* BirthdaysList */ = {
			isa = PBXGroup;
			children = (
				FF5775BE2B6D184A002CCA8B /* Extensions */,
				FF5775B92B6CE920002CCA8B /* CoreDateManager */,
				FF5775A42B6CD271002CCA8B /* MainView */,
				FF5775AB2B6CD2D9002CCA8B /* NewInfoView */,
				FF5775902B6CCE57002CCA8B /* AppDelegate.swift */,
				FF5775922B6CCE57002CCA8B /* SceneDelegate.swift */,
				FF5775992B6CCE59002CCA8B /* Assets.xcassets */,
				FF57759B2B6CCE59002CCA8B /* LaunchScreen.storyboard */,
				FF57759E2B6CCE59002CCA8B /* Info.plist */,
				FF5775B62B6CE78B002CCA8B /* BirthdaysList.xcdatamodeld */,
				FF1F90202B6E6EC200B86EEA /* Localizable.strings */,
				FF0DC86C2B72DFA800BD4A1A /* NotificationManager.swift */,
			);
			path = BirthdaysList;
			sourceTree = "<group>";
		};
		FF5775A42B6CD271002CCA8B /* MainView */ = {
			isa = PBXGroup;
			children = (
				FF5775A52B6CD29E002CCA8B /* BrithdaysListView.swift */,
				FF5775A72B6CD2BC002CCA8B /* BrithdaysListPresenter.swift */,
				FF5775B22B6CD3A5002CCA8B /* BrithdaysListProtocol.swift */,
				FF5775BC2B6D1727002CCA8B /* CastomTableViewCell.swift */,
			);
			path = MainView;
			sourceTree = "<group>";
		};
		FF5775AB2B6CD2D9002CCA8B /* NewInfoView */ = {
			isa = PBXGroup;
			children = (
				FF5775AC2B6CD2FD002CCA8B /* NewInfoView.swift */,
				FF5775AE2B6CD30F002CCA8B /* NewInfoPresenter.swift */,
				FF5775B42B6CD3B5002CCA8B /* NewInfoProtocol.swift */,
			);
			path = NewInfoView;
			sourceTree = "<group>";
		};
		FF5775B92B6CE920002CCA8B /* CoreDateManager */ = {
			isa = PBXGroup;
			children = (
				FF5775BA2B6CE93B002CCA8B /* CoreDataManager.swift */,
			);
			path = CoreDateManager;
			sourceTree = "<group>";
		};
		FF5775BE2B6D184A002CCA8B /* Extensions */ = {
			isa = PBXGroup;
			children = (
				FF5775BF2B6D186C002CCA8B /* Extension + UIView.swift */,
			);
			path = Extensions;
			sourceTree = "<group>";
		};
/* End PBXGroup section */

/* Begin PBXNativeTarget section */
		FF57758C2B6CCE57002CCA8B /* BirthdaysList */ = {
			isa = PBXNativeTarget;
			buildConfigurationList = FF5775A12B6CCE59002CCA8B /* Build configuration list for PBXNativeTarget "BirthdaysList" */;
			buildPhases = (
				FF5775892B6CCE57002CCA8B /* Sources */,
				FF57758A2B6CCE57002CCA8B /* Frameworks */,
				FF57758B2B6CCE57002CCA8B /* Resources */,
			);
			buildRules = (
			);
			dependencies = (
			);
			name = BirthdaysList;
			productName = BirthdaysList;
			productReference = FF57758D2B6CCE57002CCA8B /* BirthdaysList.app */;
			productType = "com.apple.product-type.application";
		};
/* End PBXNativeTarget section */

/* Begin PBXProject section */
		FF5775852B6CCE57002CCA8B /* Project object */ = {
			isa = PBXProject;
			attributes = {
				BuildIndependentTargetsInParallel = 1;
				LastSwiftUpdateCheck = 1520;
				LastUpgradeCheck = 1520;
				TargetAttributes = {
					FF57758C2B6CCE57002CCA8B = {
						CreatedOnToolsVersion = 15.2;
					};
				};
			};
			buildConfigurationList = FF5775882B6CCE57002CCA8B /* Build configuration list for PBXProject "BirthdaysList" */;
			compatibilityVersion = "Xcode 14.0";
			developmentRegion = en;
			hasScannedForEncodings = 0;
			knownRegions = (
				en,
				Base,
				ru,
			);
			mainGroup = FF5775842B6CCE57002CCA8B;
			productRefGroup = FF57758E2B6CCE57002CCA8B /* Products */;
			projectDirPath = "";
			projectRoot = "";
			targets = (
				FF57758C2B6CCE57002CCA8B /* BirthdaysList */,
			);
		};
/* End PBXProject section */

/* Begin PBXResourcesBuildPhase section */
		FF57758B2B6CCE57002CCA8B /* Resources */ = {
			isa = PBXResourcesBuildPhase;
			buildActionMask = 2147483647;
			files = (
				FF57759D2B6CCE59002CCA8B /* LaunchScreen.storyboard in Resources */,
				FF1F901E2B6E6EC200B86EEA /* Localizable.strings in Resources */,
				FF57759A2B6CCE59002CCA8B /* Assets.xcassets in Resources */,
			);
			runOnlyForDeploymentPostprocessing = 0;
		};
/* End PBXResourcesBuildPhase section */

/* Begin PBXSourcesBuildPhase section */
		FF5775892B6CCE57002CCA8B /* Sources */ = {
			isa = PBXSourcesBuildPhase;
			buildActionMask = 2147483647;
			files = (
				FF5775B82B6CE78B002CCA8B /* BirthdaysList.xcdatamodeld in Sources */,
				FF5775912B6CCE57002CCA8B /* AppDelegate.swift in Sources */,
				FF5775BD2B6D1727002CCA8B /* CastomTableViewCell.swift in Sources */,
				FF5775A82B6CD2BC002CCA8B /* BrithdaysListPresenter.swift in Sources */,
				FF5775AF2B6CD30F002CCA8B /* NewInfoPresenter.swift in Sources */,
				FF5775A62B6CD29E002CCA8B /* BrithdaysListView.swift in Sources */,
				FF5775BB2B6CE93B002CCA8B /* CoreDataManager.swift in Sources */,
				FF5775B32B6CD3A6002CCA8B /* BrithdaysListProtocol.swift in Sources */,
				FF0DC86D2B72DFA800BD4A1A /* NotificationManager.swift in Sources */,
				FF5775C02B6D186C002CCA8B /* Extension + UIView.swift in Sources */,
				FF5775932B6CCE57002CCA8B /* SceneDelegate.swift in Sources */,
				FF5775B52B6CD3B5002CCA8B /* NewInfoProtocol.swift in Sources */,
				FF5775AD2B6CD2FD002CCA8B /* NewInfoView.swift in Sources */,
			);
			runOnlyForDeploymentPostprocessing = 0;
		};
/* End PBXSourcesBuildPhase section */

/* Begin PBXVariantGroup section */
		FF1F90202B6E6EC200B86EEA /* Localizable.strings */ = {
			isa = PBXVariantGroup;
			children = (
				FF1F901F2B6E6EC200B86EEA /* ru */,
				FF1F90212B6E6EC400B86EEA /* en */,
			);
			name = Localizable.strings;
			sourceTree = "<group>";
		};
		FF57759B2B6CCE59002CCA8B /* LaunchScreen.storyboard */ = {
			isa = PBXVariantGroup;
			children = (
				FF57759C2B6CCE59002CCA8B /* Base */,
				FF1F901D2B6E6EB600B86EEA /* ru */,
			);
			name = LaunchScreen.storyboard;
			sourceTree = "<group>";
		};
/* End PBXVariantGroup section */

/* Begin XCBuildConfiguration section */
		FF57759F2B6CCE59002CCA8B /* Debug */ = {
			isa = XCBuildConfiguration;
			buildSettings = {
				ALWAYS_SEARCH_USER_PATHS = NO;
				ASSETCATALOG_COMPILER_GENERATE_SWIFT_ASSET_SYMBOL_EXTENSIONS = YES;
				CLANG_ANALYZER_LOCALIZABILITY_NONLOCALIZED = YES;
				CLANG_ANALYZER_NONNULL = YES;
				CLANG_ANALYZER_NUMBER_OBJECT_CONVERSION = YES_AGGRESSIVE;
				CLANG_CXX_LANGUAGE_STANDARD = "gnu++20";
				CLANG_ENABLE_MODULES = YES;
				CLANG_ENABLE_OBJC_ARC = YES;
				CLANG_ENABLE_OBJC_WEAK = YES;
				CLANG_WARN_BLOCK_CAPTURE_AUTORELEASING = YES;
				CLANG_WARN_BOOL_CONVERSION = YES;
				CLANG_WARN_COMMA = YES;
				CLANG_WARN_CONSTANT_CONVERSION = YES;
				CLANG_WARN_DEPRECATED_OBJC_IMPLEMENTATIONS = YES;
				CLANG_WARN_DIRECT_OBJC_ISA_USAGE = YES_ERROR;
				CLANG_WARN_DOCUMENTATION_COMMENTS = YES;
				CLANG_WARN_EMPTY_BODY = YES;
				CLANG_WARN_ENUM_CONVERSION = YES;
				CLANG_WARN_INFINITE_RECURSION = YES;
				CLANG_WARN_INT_CONVERSION = YES;
				CLANG_WARN_NON_LITERAL_NULL_CONVERSION = YES;
				CLANG_WARN_OBJC_IMPLICIT_RETAIN_SELF = YES;
				CLANG_WARN_OBJC_LITERAL_CONVERSION = YES;
				CLANG_WARN_OBJC_ROOT_CLASS = YES_ERROR;
				CLANG_WARN_QUOTED_INCLUDE_IN_FRAMEWORK_HEADER = YES;
				CLANG_WARN_RANGE_LOOP_ANALYSIS = YES;
				CLANG_WARN_STRICT_PROTOTYPES = YES;
				CLANG_WARN_SUSPICIOUS_MOVE = YES;
				CLANG_WARN_UNGUARDED_AVAILABILITY = YES_AGGRESSIVE;
				CLANG_WARN_UNREACHABLE_CODE = YES;
				CLANG_WARN__DUPLICATE_METHOD_MATCH = YES;
				COPY_PHASE_STRIP = NO;
				DEBUG_INFORMATION_FORMAT = dwarf;
				ENABLE_STRICT_OBJC_MSGSEND = YES;
				ENABLE_TESTABILITY = YES;
				ENABLE_USER_SCRIPT_SANDBOXING = YES;
				GCC_C_LANGUAGE_STANDARD = gnu17;
				GCC_DYNAMIC_NO_PIC = NO;
				GCC_NO_COMMON_BLOCKS = YES;
				GCC_OPTIMIZATION_LEVEL = 0;
				GCC_PREPROCESSOR_DEFINITIONS = (
					"DEBUG=1",
					"$(inherited)",
				);
				GCC_WARN_64_TO_32_BIT_CONVERSION = YES;
				GCC_WARN_ABOUT_RETURN_TYPE = YES_ERROR;
				GCC_WARN_UNDECLARED_SELECTOR = YES;
				GCC_WARN_UNINITIALIZED_AUTOS = YES_AGGRESSIVE;
				GCC_WARN_UNUSED_FUNCTION = YES;
				GCC_WARN_UNUSED_VARIABLE = YES;
				IPHONEOS_DEPLOYMENT_TARGET = 17.2;
				LOCALIZATION_PREFERS_STRING_CATALOGS = YES;
				MTL_ENABLE_DEBUG_INFO = INCLUDE_SOURCE;
				MTL_FAST_MATH = YES;
				ONLY_ACTIVE_ARCH = YES;
				SDKROOT = iphoneos;
				SWIFT_ACTIVE_COMPILATION_CONDITIONS = "DEBUG $(inherited)";
				SWIFT_OPTIMIZATION_LEVEL = "-Onone";
			};
			name = Debug;
		};
		FF5775A02B6CCE59002CCA8B /* Release */ = {
			isa = XCBuildConfiguration;
			buildSettings = {
				ALWAYS_SEARCH_USER_PATHS = NO;
				ASSETCATALOG_COMPILER_GENERATE_SWIFT_ASSET_SYMBOL_EXTENSIONS = YES;
				CLANG_ANALYZER_LOCALIZABILITY_NONLOCALIZED = YES;
				CLANG_ANALYZER_NONNULL = YES;
				CLANG_ANALYZER_NUMBER_OBJECT_CONVERSION = YES_AGGRESSIVE;
				CLANG_CXX_LANGUAGE_STANDARD = "gnu++20";
				CLANG_ENABLE_MODULES = YES;
				CLANG_ENABLE_OBJC_ARC = YES;
				CLANG_ENABLE_OBJC_WEAK = YES;
				CLANG_WARN_BLOCK_CAPTURE_AUTORELEASING = YES;
				CLANG_WARN_BOOL_CONVERSION = YES;
				CLANG_WARN_COMMA = YES;
				CLANG_WARN_CONSTANT_CONVERSION = YES;
				CLANG_WARN_DEPRECATED_OBJC_IMPLEMENTATIONS = YES;
				CLANG_WARN_DIRECT_OBJC_ISA_USAGE = YES_ERROR;
				CLANG_WARN_DOCUMENTATION_COMMENTS = YES;
				CLANG_WARN_EMPTY_BODY = YES;
				CLANG_WARN_ENUM_CONVERSION = YES;
				CLANG_WARN_INFINITE_RECURSION = YES;
				CLANG_WARN_INT_CONVERSION = YES;
				CLANG_WARN_NON_LITERAL_NULL_CONVERSION = YES;
				CLANG_WARN_OBJC_IMPLICIT_RETAIN_SELF = YES;
				CLANG_WARN_OBJC_LITERAL_CONVERSION = YES;
				CLANG_WARN_OBJC_ROOT_CLASS = YES_ERROR;
				CLANG_WARN_QUOTED_INCLUDE_IN_FRAMEWORK_HEADER = YES;
				CLANG_WARN_RANGE_LOOP_ANALYSIS = YES;
				CLANG_WARN_STRICT_PROTOTYPES = YES;
				CLANG_WARN_SUSPICIOUS_MOVE = YES;
				CLANG_WARN_UNGUARDED_AVAILABILITY = YES_AGGRESSIVE;
				CLANG_WARN_UNREACHABLE_CODE = YES;
				CLANG_WARN__DUPLICATE_METHOD_MATCH = YES;
				COPY_PHASE_STRIP = NO;
				DEBUG_INFORMATION_FORMAT = "dwarf-with-dsym";
				ENABLE_NS_ASSERTIONS = NO;
				ENABLE_STRICT_OBJC_MSGSEND = YES;
				ENABLE_USER_SCRIPT_SANDBOXING = YES;
				GCC_C_LANGUAGE_STANDARD = gnu17;
				GCC_NO_COMMON_BLOCKS = YES;
				GCC_WARN_64_TO_32_BIT_CONVERSION = YES;
				GCC_WARN_ABOUT_RETURN_TYPE = YES_ERROR;
				GCC_WARN_UNDECLARED_SELECTOR = YES;
				GCC_WARN_UNINITIALIZED_AUTOS = YES_AGGRESSIVE;
				GCC_WARN_UNUSED_FUNCTION = YES;
				GCC_WARN_UNUSED_VARIABLE = YES;
				IPHONEOS_DEPLOYMENT_TARGET = 17.2;
				LOCALIZATION_PREFERS_STRING_CATALOGS = YES;
				MTL_ENABLE_DEBUG_INFO = NO;
				MTL_FAST_MATH = YES;
				SDKROOT = iphoneos;
				SWIFT_COMPILATION_MODE = wholemodule;
				VALIDATE_PRODUCT = YES;
			};
			name = Release;
		};
		FF5775A22B6CCE59002CCA8B /* Debug */ = {
			isa = XCBuildConfiguration;
			buildSettings = {
				ASSETCATALOG_COMPILER_APPICON_NAME = AppIcon;
				ASSETCATALOG_COMPILER_GLOBAL_ACCENT_COLOR_NAME = AccentColor;
				CODE_SIGN_STYLE = Automatic;
				CURRENT_PROJECT_VERSION = 1;
				GENERATE_INFOPLIST_FILE = YES;
				INFOPLIST_FILE = BirthdaysList/Info.plist;
				INFOPLIST_KEY_UIApplicationSupportsIndirectInputEvents = YES;
				INFOPLIST_KEY_UILaunchStoryboardName = LaunchScreen;
				INFOPLIST_KEY_UISupportedInterfaceOrientations = UIInterfaceOrientationPortrait;
				INFOPLIST_KEY_UISupportedInterfaceOrientations_iPad = "UIInterfaceOrientationLandscapeLeft UIInterfaceOrientationLandscapeRight UIInterfaceOrientationPortrait UIInterfaceOrientationPortraitUpsideDown";
				LD_RUNPATH_SEARCH_PATHS = (
					"$(inherited)",
					"@executable_path/Frameworks",
				);
				MARKETING_VERSION = 1.0;
				PRODUCT_BUNDLE_IDENTIFIER = SnakCat.BirthdaysList;
				PRODUCT_NAME = "$(TARGET_NAME)";
				SUPPORTED_PLATFORMS = "iphoneos iphonesimulator";
				SUPPORTS_MACCATALYST = NO;
				SUPPORTS_MAC_DESIGNED_FOR_IPHONE_IPAD = NO;
				SUPPORTS_XR_DESIGNED_FOR_IPHONE_IPAD = NO;
				SWIFT_EMIT_LOC_STRINGS = YES;
				SWIFT_VERSION = 5.0;
				TARGETED_DEVICE_FAMILY = 1;
			};
			name = Debug;
		};
		FF5775A32B6CCE59002CCA8B /* Release */ = {
			isa = XCBuildConfiguration;
			buildSettings = {
				ASSETCATALOG_COMPILER_APPICON_NAME = AppIcon;
				ASSETCATALOG_COMPILER_GLOBAL_ACCENT_COLOR_NAME = AccentColor;
				CODE_SIGN_STYLE = Automatic;
				CURRENT_PROJECT_VERSION = 1;
				GENERATE_INFOPLIST_FILE = YES;
				INFOPLIST_FILE = BirthdaysList/Info.plist;
				INFOPLIST_KEY_UIApplicationSupportsIndirectInputEvents = YES;
				INFOPLIST_KEY_UILaunchStoryboardName = LaunchScreen;
				INFOPLIST_KEY_UISupportedInterfaceOrientations = UIInterfaceOrientationPortrait;
				INFOPLIST_KEY_UISupportedInterfaceOrientations_iPad = "UIInterfaceOrientationLandscapeLeft UIInterfaceOrientationLandscapeRight UIInterfaceOrientationPortrait UIInterfaceOrientationPortraitUpsideDown";
				LD_RUNPATH_SEARCH_PATHS = (
					"$(inherited)",
					"@executable_path/Frameworks",
				);
				MARKETING_VERSION = 1.0;
				PRODUCT_BUNDLE_IDENTIFIER = SnakCat.BirthdaysList;
				PRODUCT_NAME = "$(TARGET_NAME)";
				SUPPORTED_PLATFORMS = "iphoneos iphonesimulator";
				SUPPORTS_MACCATALYST = NO;
				SUPPORTS_MAC_DESIGNED_FOR_IPHONE_IPAD = NO;
				SUPPORTS_XR_DESIGNED_FOR_IPHONE_IPAD = NO;
				SWIFT_EMIT_LOC_STRINGS = YES;
				SWIFT_VERSION = 5.0;
				TARGETED_DEVICE_FAMILY = 1;
			};
			name = Release;
		};
/* End XCBuildConfiguration section */

/* Begin XCConfigurationList section */
		FF5775882B6CCE57002CCA8B /* Build configuration list for PBXProject "BirthdaysList" */ = {
			isa = XCConfigurationList;
			buildConfigurations = (
				FF57759F2B6CCE59002CCA8B /* Debug */,
				FF5775A02B6CCE59002CCA8B /* Release */,
			);
			defaultConfigurationIsVisible = 0;
			defaultConfigurationName = Release;
		};
		FF5775A12B6CCE59002CCA8B /* Build configuration list for PBXNativeTarget "BirthdaysList" */ = {
			isa = XCConfigurationList;
			buildConfigurations = (
				FF5775A22B6CCE59002CCA8B /* Debug */,
				FF5775A32B6CCE59002CCA8B /* Release */,
			);
			defaultConfigurationIsVisible = 0;
			defaultConfigurationName = Release;
		};
/* End XCConfigurationList section */

/* Begin XCVersionGroup section */
		FF5775B62B6CE78B002CCA8B /* BirthdaysList.xcdatamodeld */ = {
			isa = XCVersionGroup;
			children = (
				FF5775B72B6CE78B002CCA8B /* BirthdaysList.xcdatamodel */,
			);
			currentVersion = FF5775B72B6CE78B002CCA8B /* BirthdaysList.xcdatamodel */;
			path = BirthdaysList.xcdatamodeld;
			sourceTree = "<group>";
			versionGroupType = wrapper.xcdatamodel;
		};
/* End XCVersionGroup section */
	};
	rootObject = FF5775852B6CCE57002CCA8B /* Project object */;
}
